
Microsoft Visual Studio Solution File, Format Version 12.00
# Visual Studio 15
Project("{FAE04EC0-301F-11D3-BF4B-00C04F79EFBC}") = "Assembly-CSharp", "Assembly-CSharp.csproj", "{8C446EB6-C3E5-A4C7-3DC6-4768B7A86A5D}"
EndProject
Global
	GlobalSection(SolutionConfigurationPlatforms) = preSolution
		Debug|Any CPU = Debug|Any CPU
		Release|Any CPU = Release|Any CPU
	EndGlobalSection
	GlobalSection(ProjectConfigurationPlatforms) = postSolution
		{8C446EB6-C3E5-A4C7-3DC6-4768B7A86A5D}.Debug|Any CPU.ActiveCfg = Debug|Any CPU
		{8C446EB6-C3E5-A4C7-3DC6-4768B7A86A5D}.Debug|Any CPU.Build.0 = Debug|Any CPU
		{8C446EB6-C3E5-A4C7-3DC6-4768B7A86A5D}.Release|Any CPU.ActiveCfg = Release|Any CPU
		{8C446EB6-C3E5-A4C7-3DC6-4768B7A86A5D}.Release|Any CPU.Build.0 = Release|Any CPU
	EndGlobalSection
	GlobalSection(SolutionProperties) = preSolution
		HideSolutionNode = FALSE
	EndGlobalSection
EndGlobal
